
Microsoft Visual Studio Solution File, Format Version 12.00
# Visual Studio Version 17
VisualStudioVersion = 17.8.34525.116
MinimumVisualStudioVersion = 10.0.40219.1
Project("{FAE04EC0-301F-11D3-BF4B-00C04F79EFBC}") = "UnitTestRedditChallenge", "UnitTestRedditChallenge\UnitTestRedditChallenge.csproj", "{A5475FC3-6973-4F35-9BB2-6BAF5FFB575A}"
EndProject
Project("{9A19103F-16F7-4668-BE54-9A1E7A4F7556}") = "RedditChallengeAPI", "RedditChallengeAPI\RedditChallengeAPI.csproj", "{BCC01322-80E0-4941-ACD9-676B9ED0BAA4}"
EndProject
Global
	GlobalSection(SolutionConfigurationPlatforms) = preSolution
		Debug|Any CPU = Debug|Any CPU
		Release|Any CPU = Release|Any CPU
	EndGlobalSection
	GlobalSection(ProjectConfigurationPlatforms) = postSolution
		{A5475FC3-6973-4F35-9BB2-6BAF5FFB575A}.Debug|Any CPU.ActiveCfg = Debug|Any CPU
		{A5475FC3-6973-4F35-9BB2-6BAF5FFB575A}.Debug|Any CPU.Build.0 = Debug|Any CPU
		{A5475FC3-6973-4F35-9BB2-6BAF5FFB575A}.Release|Any CPU.ActiveCfg = Release|Any CPU
		{A5475FC3-6973-4F35-9BB2-6BAF5FFB575A}.Release|Any CPU.Build.0 = Release|Any CPU
		{BCC01322-80E0-4941-ACD9-676B9ED0BAA4}.Debug|Any CPU.ActiveCfg = Debug|Any CPU
		{BCC01322-80E0-4941-ACD9-676B9ED0BAA4}.Debug|Any CPU.Build.0 = Debug|Any CPU
		{BCC01322-80E0-4941-ACD9-676B9ED0BAA4}.Release|Any CPU.ActiveCfg = Release|Any CPU
		{BCC01322-80E0-4941-ACD9-676B9ED0BAA4}.Release|Any CPU.Build.0 = Release|Any CPU
	EndGlobalSection
	GlobalSection(SolutionProperties) = preSolution
		HideSolutionNode = FALSE
	EndGlobalSection
	GlobalSection(ExtensibilityGlobals) = postSolution
		SolutionGuid = {59A9BB90-4571-4C26-9F1B-BDC1EBFD0356}
	EndGlobalSection
EndGlobal
